
Microsoft Visual Studio Solution File, Format Version 12.00
# Visual Studio Version 16
VisualStudioVersion = 16.0.30413.136
MinimumVisualStudioVersion = 10.0.40219.1
Project("{FAE04EC0-301F-11D3-BF4B-00C04F79EFBC}") = "GOFDesignPatterns.ConsoleApp", "GOFDesignPatterns.ConsoleApp\GOFDesignPatterns.ConsoleApp.csproj", "{6A76F174-F17D-4BC1-BF35-52F66B9003EA}"
EndProject
Project("{2150E333-8FDC-42A3-9474-1A3956D46DE8}") = "Design Patterns", "Design Patterns", "{DDAC23F4-CDE5-4785-92D4-0BD7733B1288}"
EndProject
Project("{FAE04EC0-301F-11D3-BF4B-00C04F79EFBC}") = "GOFDesignPatterns.StrategyPattern", "..\GOFDesignPatterns.StrategyPattern\GOFDesignPatterns.StrategyPattern.csproj", "{D0517F81-D441-421D-8D96-A0A190FE8663}"
EndProject
Global
	GlobalSection(SolutionConfigurationPlatforms) = preSolution
		Debug|Any CPU = Debug|Any CPU
		Release|Any CPU = Release|Any CPU
	EndGlobalSection
	GlobalSection(ProjectConfigurationPlatforms) = postSolution
		{6A76F174-F17D-4BC1-BF35-52F66B9003EA}.Debug|Any CPU.ActiveCfg = Debug|Any CPU
		{6A76F174-F17D-4BC1-BF35-52F66B9003EA}.Debug|Any CPU.Build.0 = Debug|Any CPU
		{6A76F174-F17D-4BC1-BF35-52F66B9003EA}.Release|Any CPU.ActiveCfg = Release|Any CPU
		{6A76F174-F17D-4BC1-BF35-52F66B9003EA}.Release|Any CPU.Build.0 = Release|Any CPU
		{D0517F81-D441-421D-8D96-A0A190FE8663}.Debug|Any CPU.ActiveCfg = Debug|Any CPU
		{D0517F81-D441-421D-8D96-A0A190FE8663}.Debug|Any CPU.Build.0 = Debug|Any CPU
		{D0517F81-D441-421D-8D96-A0A190FE8663}.Release|Any CPU.ActiveCfg = Release|Any CPU
		{D0517F81-D441-421D-8D96-A0A190FE8663}.Release|Any CPU.Build.0 = Release|Any CPU
	EndGlobalSection
	GlobalSection(SolutionProperties) = preSolution
		HideSolutionNode = FALSE
	EndGlobalSection
	GlobalSection(NestedProjects) = preSolution
		{D0517F81-D441-421D-8D96-A0A190FE8663} = {DDAC23F4-CDE5-4785-92D4-0BD7733B1288}
	EndGlobalSection
	GlobalSection(ExtensibilityGlobals) = postSolution
		SolutionGuid = {51A605A3-4B24-448F-A1ED-6FF2382333BE}
	EndGlobalSection
EndGlobal
